
Microsoft Visual Studio Solution File, Format Version 12.00
# Visual Studio Version 18
VisualStudioVersion = 18.4.11605.240 stable
MinimumVisualStudioVersion = 10.0.40219.1
Project("{FAE04EC0-301F-11D3-BF4B-00C04F79EFBC}") = "Semana1", "Semana1\Semana1.csproj", "{5E3497F7-5DDA-6C7C-1ABF-7350C0D6CE6B}"
EndProject
Project("{FAE04EC0-301F-11D3-BF4B-00C04F79EFBC}") = "Semana2", "Semana2\Semana2.csproj", "{A5E4F491-A642-4C13-971C-72B0A5E7F489}"
EndProject
Project("{FAE04EC0-301F-11D3-BF4B-00C04F79EFBC}") = "Semana3", "Semana3\Semana3.csproj", "{3575B9A4-6A4E-49A4-BE41-E830EBAC0677}"
EndProject
Project("{FAE04EC0-301F-11D3-BF4B-00C04F79EFBC}") = "Semana4", "Semana4\Semana4.csproj", "{CAFCDA9E-8A3B-463E-A3ED-83C4440531BF}"
EndProject
Project("{FAE04EC0-301F-11D3-BF4B-00C04F79EFBC}") = "EjemploP1", "EjemploP1\EjemploP1.csproj", "{B73C1D3C-DB71-4E40-848A-73EECFDE8FA3}"
EndProject
Project("{FAE04EC0-301F-11D3-BF4B-00C04F79EFBC}") = "Semana5", "Semana5\Semana5.csproj", "{C6BE902B-6E0F-4122-9FA6-333C7783C002}"
EndProject
Project("{FAE04EC0-301F-11D3-BF4B-00C04F79EFBC}") = "Semana8", "Semana8\Semana8.csproj", "{3ECD1427-B78C-4C36-A544-E7B30F24490D}"
EndProject
Project("{FAE04EC0-301F-11D3-BF4B-00C04F79EFBC}") = "EjemploP2", "EjemploP2\EjemploP2.csproj", "{209FCC88-1CB9-44DE-93A6-D1221F4D03E7}"
EndProject
Global
	GlobalSection(SolutionConfigurationPlatforms) = preSolution
		Debug|Any CPU = Debug|Any CPU
		Debug|x64 = Debug|x64
		Debug|x86 = Debug|x86
		Release|Any CPU = Release|Any CPU
		Release|x64 = Release|x64
		Release|x86 = Release|x86
	EndGlobalSection
	GlobalSection(ProjectConfigurationPlatforms) = postSolution
		{5E3497F7-5DDA-6C7C-1ABF-7350C0D6CE6B}.Debug|Any CPU.ActiveCfg = Debug|Any CPU
		{5E3497F7-5DDA-6C7C-1ABF-7350C0D6CE6B}.Debug|Any CPU.Build.0 = Debug|Any CPU
		{5E3497F7-5DDA-6C7C-1ABF-7350C0D6CE6B}.Debug|x64.ActiveCfg = Debug|Any CPU
		{5E3497F7-5DDA-6C7C-1ABF-7350C0D6CE6B}.Debug|x64.Build.0 = Debug|Any CPU
		{5E3497F7-5DDA-6C7C-1ABF-7350C0D6CE6B}.Debug|x86.ActiveCfg = Debug|Any CPU
		{5E3497F7-5DDA-6C7C-1ABF-7350C0D6CE6B}.Debug|x86.Build.0 = Debug|Any CPU
		{5E3497F7-5DDA-6C7C-1ABF-7350C0D6CE6B}.Release|Any CPU.ActiveCfg = Release|Any CPU
		{5E3497F7-5DDA-6C7C-1ABF-7350C0D6CE6B}.Release|Any CPU.Build.0 = Release|Any CPU
		{5E3497F7-5DDA-6C7C-1ABF-7350C0D6CE6B}.Release|x64.ActiveCfg = Release|Any CPU
		{5E3497F7-5DDA-6C7C-1ABF-7350C0D6CE6B}.Release|x64.Build.0 = Release|Any CPU
		{5E3497F7-5DDA-6C7C-1ABF-7350C0D6CE6B}.Release|x86.ActiveCfg = Release|Any CPU
		{5E3497F7-5DDA-6C7C-1ABF-7350C0D6CE6B}.Release|x86.Build.0 = Release|Any CPU
		{A5E4F491-A642-4C13-971C-72B0A5E7F489}.Debug|Any CPU.ActiveCfg = Debug|Any CPU
		{A5E4F491-A642-4C13-971C-72B0A5E7F489}.Debug|Any CPU.Build.0 = Debug|Any CPU
		{A5E4F491-A642-4C13-971C-72B0A5E7F489}.Debug|x64.ActiveCfg = Debug|Any CPU
		{A5E4F491-A642-4C13-971C-72B0A5E7F489}.Debug|x64.Build.0 = Debug|Any CPU
		{A5E4F491-A642-4C13-971C-72B0A5E7F489}.Debug|x86.ActiveCfg = Debug|Any CPU
		{A5E4F491-A642-4C13-971C-72B0A5E7F489}.Debug|x86.Build.0 = Debug|Any CPU
		{A5E4F491-A642-4C13-971C-72B0A5E7F489}.Release|Any CPU.ActiveCfg = Release|Any CPU
		{A5E4F491-A642-4C13-971C-72B0A5E7F489}.Release|Any CPU.Build.0 = Release|Any CPU
		{A5E4F491-A642-4C13-971C-72B0A5E7F489}.Release|x64.ActiveCfg = Release|Any CPU
		{A5E4F491-A642-4C13-971C-72B0A5E7F489}.Release|x64.Build.0 = Release|Any CPU
		{A5E4F491-A642-4C13-971C-72B0A5E7F489}.Release|x86.ActiveCfg = Release|Any CPU
		{A5E4F491-A642-4C13-971C-72B0A5E7F489}.Release|x86.Build.0 = Release|Any CPU
		{3575B9A4-6A4E-49A4-BE41-E830EBAC0677}.Debug|Any CPU.ActiveCfg = Debug|Any CPU
		{3575B9A4-6A4E-49A4-BE41-E830EBAC0677}.Debug|Any CPU.Build.0 = Debug|Any CPU
		{3575B9A4-6A4E-49A4-BE41-E830EBAC0677}.Debug|x64.ActiveCfg = Debug|Any CPU
		{3575B9A4-6A4E-49A4-BE41-E830EBAC0677}.Debug|x64.Build.0 = Debug|Any CPU
		{3575B9A4-6A4E-49A4-BE41-E830EBAC0677}.Debug|x86.ActiveCfg = Debug|Any CPU
		{3575B9A4-6A4E-49A4-BE41-E830EBAC0677}.Debug|x86.Build.0 = Debug|Any CPU
		{3575B9A4-6A4E-49A4-BE41-E830EBAC0677}.Release|Any CPU.ActiveCfg = Release|Any CPU
		{3575B9A4-6A4E-49A4-BE41-E830EBAC0677}.Release|Any CPU.Build.0 = Release|Any CPU
		{3575B9A4-6A4E-49A4-BE41-E830EBAC0677}.Release|x64.ActiveCfg = Release|Any CPU
		{3575B9A4-6A4E-49A4-BE41-E830EBAC0677}.Release|x64.Build.0 = Release|Any CPU
		{3575B9A4-6A4E-49A4-BE41-E830EBAC0677}.Release|x86.ActiveCfg = Release|Any CPU
		{3575B9A4-6A4E-49A4-BE41-E830EBAC0677}.Release|x86.Build.0 = Release|Any CPU
		{CAFCDA9E-8A3B-463E-A3ED-83C4440531BF}.Debug|Any CPU.ActiveCfg = Debug|Any CPU
		{CAFCDA9E-8A3B-463E-A3ED-83C4440531BF}.Debug|Any CPU.Build.0 = Debug|Any CPU
		{CAFCDA9E-8A3B-463E-A3ED-83C4440531BF}.Debug|x64.ActiveCfg = Debug|Any CPU
		{CAFCDA9E-8A3B-463E-A3ED-83C4440531BF}.Debug|x64.Build.0 = Debug|Any CPU
		{CAFCDA9E-8A3B-463E-A3ED-83C4440531BF}.Debug|x86.ActiveCfg = Debug|Any CPU
		{CAFCDA9E-8A3B-463E-A3ED-83C4440531BF}.Debug|x86.Build.0 = Debug|Any CPU
		{CAFCDA9E-8A3B-463E-A3ED-83C4440531BF}.Release|Any CPU.ActiveCfg = Release|Any CPU
		{CAFCDA9E-8A3B-463E-A3ED-83C4440531BF}.Release|Any CPU.Build.0 = Release|Any CPU
		{CAFCDA9E-8A3B-463E-A3ED-83C4440531BF}.Release|x64.ActiveCfg = Release|Any CPU
		{CAFCDA9E-8A3B-463E-A3ED-83C4440531BF}.Release|x64.Build.0 = Release|Any CPU
		{CAFCDA9E-8A3B-463E-A3ED-83C4440531BF}.Release|x86.ActiveCfg = Release|Any CPU
		{CAFCDA9E-8A3B-463E-A3ED-83C4440531BF}.Release|x86.Build.0 = Release|Any CPU
		{B73C1D3C-DB71-4E40-848A-73EECFDE8FA3}.Debug|Any CPU.ActiveCfg = Debug|Any CPU
		{B73C1D3C-DB71-4E40-848A-73EECFDE8FA3}.Debug|Any CPU.Build.0 = Debug|Any CPU
		{B73C1D3C-DB71-4E40-848A-73EECFDE8FA3}.Debug|x64.ActiveCfg = Debug|Any CPU
		{B73C1D3C-DB71-4E40-848A-73EECFDE8FA3}.Debug|x64.Build.0 = Debug|Any CPU
		{B73C1D3C-DB71-4E40-848A-73EECFDE8FA3}.Debug|x86.ActiveCfg = Debug|Any CPU
		{B73C1D3C-DB71-4E40-848A-73EECFDE8FA3}.Debug|x86.Build.0 = Debug|Any CPU
		{B73C1D3C-DB71-4E40-848A-73EECFDE8FA3}.Release|Any CPU.ActiveCfg = Release|Any CPU
		{B73C1D3C-DB71-4E40-848A-73EECFDE8FA3}.Release|Any CPU.Build.0 = Release|Any CPU
		{B73C1D3C-DB71-4E40-848A-73EECFDE8FA3}.Release|x64.ActiveCfg = Release|Any CPU
		{B73C1D3C-DB71-4E40-848A-73EECFDE8FA3}.Release|x64.Build.0 = Release|Any CPU
		{B73C1D3C-DB71-4E40-848A-73EECFDE8FA3}.Release|x86.ActiveCfg = Release|Any CPU
		{B73C1D3C-DB71-4E40-848A-73EECFDE8FA3}.Release|x86.Build.0 = Release|Any CPU
		{C6BE902B-6E0F-4122-9FA6-333C7783C002}.Debug|Any CPU.ActiveCfg = Debug|Any CPU
		{C6BE902B-6E0F-4122-9FA6-333C7783C002}.Debug|Any CPU.Build.0 = Debug|Any CPU
		{C6BE902B-6E0F-4122-9FA6-333C7783C002}.Debug|x64.ActiveCfg = Debug|Any CPU
		{C6BE902B-6E0F-4122-9FA6-333C7783C002}.Debug|x64.Build.0 = Debug|Any CPU
		{C6BE902B-6E0F-4122-9FA6-333C7783C002}.Debug|x86.ActiveCfg = Debug|Any CPU
		{C6BE902B-6E0F-4122-9FA6-333C7783C002}.Debug|x86.Build.0 = Debug|Any CPU
		{C6BE902B-6E0F-4122-9FA6-333C7783C002}.Release|Any CPU.ActiveCfg = Release|Any CPU
		{C6BE902B-6E0F-4122-9FA6-333C7783C002}.Release|Any CPU.Build.0 = Release|Any CPU
		{C6BE902B-6E0F-4122-9FA6-333C7783C002}.Release|x64.ActiveCfg = Release|Any CPU
		{C6BE902B-6E0F-4122-9FA6-333C7783C002}.Release|x64.Build.0 = Release|Any CPU
		{C6BE902B-6E0F-4122-9FA6-333C7783C002}.Release|x86.ActiveCfg = Release|Any CPU
		{C6BE902B-6E0F-4122-9FA6-333C7783C002}.Release|x86.Build.0 = Release|Any CPU
		{3ECD1427-B78C-4C36-A544-E7B30F24490D}.Debug|Any CPU.ActiveCfg = Debug|Any CPU
		{3ECD1427-B78C-4C36-A544-E7B30F24490D}.Debug|Any CPU.Build.0 = Debug|Any CPU
		{3ECD1427-B78C-4C36-A544-E7B30F24490D}.Debug|x64.ActiveCfg = Debug|Any CPU
		{3ECD1427-B78C-4C36-A544-E7B30F24490D}.Debug|x64.Build.0 = Debug|Any CPU
		{3ECD1427-B78C-4C36-A544-E7B30F24490D}.Debug|x86.ActiveCfg = Debug|Any CPU
		{3ECD1427-B78C-4C36-A544-E7B30F24490D}.Debug|x86.Build.0 = Debug|Any CPU
		{3ECD1427-B78C-4C36-A544-E7B30F24490D}.Release|Any CPU.ActiveCfg = Release|Any CPU
		{3ECD1427-B78C-4C36-A544-E7B30F24490D}.Release|Any CPU.Build.0 = Release|Any CPU
		{3ECD1427-B78C-4C36-A544-E7B30F24490D}.Release|x64.ActiveCfg = Release|Any CPU
		{3ECD1427-B78C-4C36-A544-E7B30F24490D}.Release|x64.Build.0 = Release|Any CPU
		{3ECD1427-B78C-4C36-A544-E7B30F24490D}.Release|x86.ActiveCfg = Release|Any CPU
		{3ECD1427-B78C-4C36-A544-E7B30F24490D}.Release|x86.Build.0 = Release|Any CPU
		{209FCC88-1CB9-44DE-93A6-D1221F4D03E7}.Debug|Any CPU.ActiveCfg = Debug|Any CPU
		{209FCC88-1CB9-44DE-93A6-D1221F4D03E7}.Debug|Any CPU.Build.0 = Debug|Any CPU
		{209FCC88-1CB9-44DE-93A6-D1221F4D03E7}.Debug|x64.ActiveCfg = Debug|Any CPU
		{209FCC88-1CB9-44DE-93A6-D1221F4D03E7}.Debug|x64.Build.0 = Debug|Any CPU
		{209FCC88-1CB9-44DE-93A6-D1221F4D03E7}.Debug|x86.ActiveCfg = Debug|Any CPU
		{209FCC88-1CB9-44DE-93A6-D1221F4D03E7}.Debug|x86.Build.0 = Debug|Any CPU
		{209FCC88-1CB9-44DE-93A6-D1221F4D03E7}.Release|Any CPU.ActiveCfg = Release|Any CPU
		{209FCC88-1CB9-44DE-93A6-D1221F4D03E7}.Release|Any CPU.Build.0 = Release|Any CPU
		{209FCC88-1CB9-44DE-93A6-D1221F4D03E7}.Release|x64.ActiveCfg = Release|Any CPU
		{209FCC88-1CB9-44DE-93A6-D1221F4D03E7}.Release|x64.Build.0 = Release|Any CPU
		{209FCC88-1CB9-44DE-93A6-D1221F4D03E7}.Release|x86.ActiveCfg = Release|Any CPU
		{209FCC88-1CB9-44DE-93A6-D1221F4D03E7}.Release|x86.Build.0 = Release|Any CPU
	EndGlobalSection
	GlobalSection(SolutionProperties) = preSolution
		HideSolutionNode = FALSE
	EndGlobalSection
	GlobalSection(ExtensibilityGlobals) = postSolution
		SolutionGuid = {5DA302FE-009C-4DA0-B1A8-E1356B2E40CD}
	EndGlobalSection
EndGlobal
