
Microsoft Visual Studio Solution File, Format Version 12.00
# Visual Studio Version 17
VisualStudioVersion = 17.5.2.0
MinimumVisualStudioVersion = 10.0.40219.1
Project("{FAE04EC0-301F-11D3-BF4B-00C04F79EFBC}") = "Semana1", "Semana1\Semana1.csproj", "{5E3497F7-5DDA-6C7C-1ABF-7350C0D6CE6B}"
EndProject
Project("{FAE04EC0-301F-11D3-BF4B-00C04F79EFBC}") = "Semana2", "Semana2\Semana2.csproj", "{A5E4F491-A642-4C13-971C-72B0A5E7F489}"
EndProject
Project("{FAE04EC0-301F-11D3-BF4B-00C04F79EFBC}") = "Semana3", "Semana3\Semana3.csproj", "{3575B9A4-6A4E-49A4-BE41-E830EBAC0677}"
EndProject
Global
	GlobalSection(SolutionConfigurationPlatforms) = preSolution
		Debug|Any CPU = Debug|Any CPU
		Debug|x64 = Debug|x64
		Debug|x86 = Debug|x86
		Release|Any CPU = Release|Any CPU
		Release|x64 = Release|x64
		Release|x86 = Release|x86
	EndGlobalSection
	GlobalSection(ProjectConfigurationPlatforms) = postSolution
		{5E3497F7-5DDA-6C7C-1ABF-7350C0D6CE6B}.Debug|Any CPU.ActiveCfg = Debug|Any CPU
		{5E3497F7-5DDA-6C7C-1ABF-7350C0D6CE6B}.Debug|Any CPU.Build.0 = Debug|Any CPU
		{5E3497F7-5DDA-6C7C-1ABF-7350C0D6CE6B}.Debug|x64.ActiveCfg = Debug|Any CPU
		{5E3497F7-5DDA-6C7C-1ABF-7350C0D6CE6B}.Debug|x64.Build.0 = Debug|Any CPU
		{5E3497F7-5DDA-6C7C-1ABF-7350C0D6CE6B}.Debug|x86.ActiveCfg = Debug|Any CPU
		{5E3497F7-5DDA-6C7C-1ABF-7350C0D6CE6B}.Debug|x86.Build.0 = Debug|Any CPU
		{5E3497F7-5DDA-6C7C-1ABF-7350C0D6CE6B}.Release|Any CPU.ActiveCfg = Release|Any CPU
		{5E3497F7-5DDA-6C7C-1ABF-7350C0D6CE6B}.Release|Any CPU.Build.0 = Release|Any CPU
		{5E3497F7-5DDA-6C7C-1ABF-7350C0D6CE6B}.Release|x64.ActiveCfg = Release|Any CPU
		{5E3497F7-5DDA-6C7C-1ABF-7350C0D6CE6B}.Release|x64.Build.0 = Release|Any CPU
		{5E3497F7-5DDA-6C7C-1ABF-7350C0D6CE6B}.Release|x86.ActiveCfg = Release|Any CPU
		{5E3497F7-5DDA-6C7C-1ABF-7350C0D6CE6B}.Release|x86.Build.0 = Release|Any CPU
		{A5E4F491-A642-4C13-971C-72B0A5E7F489}.Debug|Any CPU.ActiveCfg = Debug|Any CPU
		{A5E4F491-A642-4C13-971C-72B0A5E7F489}.Debug|Any CPU.Build.0 = Debug|Any CPU
		{A5E4F491-A642-4C13-971C-72B0A5E7F489}.Debug|x64.ActiveCfg = Debug|Any CPU
		{A5E4F491-A642-4C13-971C-72B0A5E7F489}.Debug|x64.Build.0 = Debug|Any CPU
		{A5E4F491-A642-4C13-971C-72B0A5E7F489}.Debug|x86.ActiveCfg = Debug|Any CPU
		{A5E4F491-A642-4C13-971C-72B0A5E7F489}.Debug|x86.Build.0 = Debug|Any CPU
		{A5E4F491-A642-4C13-971C-72B0A5E7F489}.Release|Any CPU.ActiveCfg = Release|Any CPU
		{A5E4F491-A642-4C13-971C-72B0A5E7F489}.Release|Any CPU.Build.0 = Release|Any CPU
		{A5E4F491-A642-4C13-971C-72B0A5E7F489}.Release|x64.ActiveCfg = Release|Any CPU
		{A5E4F491-A642-4C13-971C-72B0A5E7F489}.Release|x64.Build.0 = Release|Any CPU
		{A5E4F491-A642-4C13-971C-72B0A5E7F489}.Release|x86.ActiveCfg = Release|Any CPU
		{A5E4F491-A642-4C13-971C-72B0A5E7F489}.Release|x86.Build.0 = Release|Any CPU
		{3575B9A4-6A4E-49A4-BE41-E830EBAC0677}.Debug|Any CPU.ActiveCfg = Debug|Any CPU
		{3575B9A4-6A4E-49A4-BE41-E830EBAC0677}.Debug|Any CPU.Build.0 = Debug|Any CPU
		{3575B9A4-6A4E-49A4-BE41-E830EBAC0677}.Debug|x64.ActiveCfg = Debug|Any CPU
		{3575B9A4-6A4E-49A4-BE41-E830EBAC0677}.Debug|x64.Build.0 = Debug|Any CPU
		{3575B9A4-6A4E-49A4-BE41-E830EBAC0677}.Debug|x86.ActiveCfg = Debug|Any CPU
		{3575B9A4-6A4E-49A4-BE41-E830EBAC0677}.Debug|x86.Build.0 = Debug|Any CPU
		{3575B9A4-6A4E-49A4-BE41-E830EBAC0677}.Release|Any CPU.ActiveCfg = Release|Any CPU
		{3575B9A4-6A4E-49A4-BE41-E830EBAC0677}.Release|Any CPU.Build.0 = Release|Any CPU
		{3575B9A4-6A4E-49A4-BE41-E830EBAC0677}.Release|x64.ActiveCfg = Release|Any CPU
		{3575B9A4-6A4E-49A4-BE41-E830EBAC0677}.Release|x64.Build.0 = Release|Any CPU
		{3575B9A4-6A4E-49A4-BE41-E830EBAC0677}.Release|x86.ActiveCfg = Release|Any CPU
		{3575B9A4-6A4E-49A4-BE41-E830EBAC0677}.Release|x86.Build.0 = Release|Any CPU
	EndGlobalSection
	GlobalSection(SolutionProperties) = preSolution
		HideSolutionNode = FALSE
	EndGlobalSection
	GlobalSection(ExtensibilityGlobals) = postSolution
		SolutionGuid = {5DA302FE-009C-4DA0-B1A8-E1356B2E40CD}
	EndGlobalSection
EndGlobal
